
Microsoft Visual Studio Solution File, Format Version 12.00
# Visual Studio Version 17
VisualStudioVersion = 17.0.31903.59
MinimumVisualStudioVersion = 10.0.40219.1
Project("{FAE04EC0-301F-11D3-BF4B-00C04F79EFBC}") = "10xnotes", "10xnotes.csproj", "{8F54F415-4C44-4B05-BB8A-5CE4904E7471}"
EndProject
Project("{2150E333-8FDC-42A3-9474-1A3956D46DE8}") = "tests", "tests", "{0AB3BF05-4346-4AA6-1389-037BE0695223}"
EndProject
Project("{FAE04EC0-301F-11D3-BF4B-00C04F79EFBC}") = "10xNotes.Tests", "tests\10xNotes.Tests\10xNotes.Tests.csproj", "{B4FB0115-5726-4B44-94D0-7F22744D04EB}"
EndProject
Global
	GlobalSection(SolutionConfigurationPlatforms) = preSolution
		Debug|Any CPU = Debug|Any CPU
		Debug|x64 = Debug|x64
		Debug|x86 = Debug|x86
		Release|Any CPU = Release|Any CPU
		Release|x64 = Release|x64
		Release|x86 = Release|x86
	EndGlobalSection
	GlobalSection(ProjectConfigurationPlatforms) = postSolution
		{8F54F415-4C44-4B05-BB8A-5CE4904E7471}.Debug|Any CPU.ActiveCfg = Debug|Any CPU
		{8F54F415-4C44-4B05-BB8A-5CE4904E7471}.Debug|Any CPU.Build.0 = Debug|Any CPU
		{8F54F415-4C44-4B05-BB8A-5CE4904E7471}.Debug|x64.ActiveCfg = Debug|Any CPU
		{8F54F415-4C44-4B05-BB8A-5CE4904E7471}.Debug|x64.Build.0 = Debug|Any CPU
		{8F54F415-4C44-4B05-BB8A-5CE4904E7471}.Debug|x86.ActiveCfg = Debug|Any CPU
		{8F54F415-4C44-4B05-BB8A-5CE4904E7471}.Debug|x86.Build.0 = Debug|Any CPU
		{8F54F415-4C44-4B05-BB8A-5CE4904E7471}.Release|Any CPU.ActiveCfg = Release|Any CPU
		{8F54F415-4C44-4B05-BB8A-5CE4904E7471}.Release|Any CPU.Build.0 = Release|Any CPU
		{8F54F415-4C44-4B05-BB8A-5CE4904E7471}.Release|x64.ActiveCfg = Release|Any CPU
		{8F54F415-4C44-4B05-BB8A-5CE4904E7471}.Release|x64.Build.0 = Release|Any CPU
		{8F54F415-4C44-4B05-BB8A-5CE4904E7471}.Release|x86.ActiveCfg = Release|Any CPU
		{8F54F415-4C44-4B05-BB8A-5CE4904E7471}.Release|x86.Build.0 = Release|Any CPU
		{B4FB0115-5726-4B44-94D0-7F22744D04EB}.Debug|Any CPU.ActiveCfg = Debug|Any CPU
		{B4FB0115-5726-4B44-94D0-7F22744D04EB}.Debug|Any CPU.Build.0 = Debug|Any CPU
		{B4FB0115-5726-4B44-94D0-7F22744D04EB}.Debug|x64.ActiveCfg = Debug|Any CPU
		{B4FB0115-5726-4B44-94D0-7F22744D04EB}.Debug|x64.Build.0 = Debug|Any CPU
		{B4FB0115-5726-4B44-94D0-7F22744D04EB}.Debug|x86.ActiveCfg = Debug|Any CPU
		{B4FB0115-5726-4B44-94D0-7F22744D04EB}.Debug|x86.Build.0 = Debug|Any CPU
		{B4FB0115-5726-4B44-94D0-7F22744D04EB}.Release|Any CPU.ActiveCfg = Release|Any CPU
		{B4FB0115-5726-4B44-94D0-7F22744D04EB}.Release|Any CPU.Build.0 = Release|Any CPU
		{B4FB0115-5726-4B44-94D0-7F22744D04EB}.Release|x64.ActiveCfg = Release|Any CPU
		{B4FB0115-5726-4B44-94D0-7F22744D04EB}.Release|x64.Build.0 = Release|Any CPU
		{B4FB0115-5726-4B44-94D0-7F22744D04EB}.Release|x86.ActiveCfg = Release|Any CPU
		{B4FB0115-5726-4B44-94D0-7F22744D04EB}.Release|x86.Build.0 = Release|Any CPU
	EndGlobalSection
	GlobalSection(SolutionProperties) = preSolution
		HideSolutionNode = FALSE
	EndGlobalSection
	GlobalSection(NestedProjects) = preSolution
		{B4FB0115-5726-4B44-94D0-7F22744D04EB} = {0AB3BF05-4346-4AA6-1389-037BE0695223}
	EndGlobalSection
EndGlobal
